
Microsoft Visual Studio Solution File, Format Version 12.00
# Visual Studio Version 17
VisualStudioVersion = 17.9.34622.214
MinimumVisualStudioVersion = 10.0.40219.1
Project("{FAE04EC0-301F-11D3-BF4B-00C04F79EFBC}") = "ExpenseService", "ExpenseService\ExpenseService.csproj", "{2C124754-F8D3-4FA8-A382-A4E876FCD643}"
EndProject
Project("{FAE04EC0-301F-11D3-BF4B-00C04F79EFBC}") = "ExpenseHost", "ExpenseHost\ExpenseHost.csproj", "{D6574379-9821-413C-B585-749DAE5F3809}"
	ProjectSection(ProjectDependencies) = postProject
		{2C124754-F8D3-4FA8-A382-A4E876FCD643} = {2C124754-F8D3-4FA8-A382-A4E876FCD643}
	EndProjectSection
EndProject
Project("{FAE04EC0-301F-11D3-BF4B-00C04F79EFBC}") = "ExpenseClient", "ExpenseClient\ExpenseClient.csproj", "{CEC02AE8-8E2D-47C2-8125-B9C3A579C26A}"
	ProjectSection(ProjectDependencies) = postProject
		{2C124754-F8D3-4FA8-A382-A4E876FCD643} = {2C124754-F8D3-4FA8-A382-A4E876FCD643}
	EndProjectSection
EndProject
Global
	GlobalSection(SolutionConfigurationPlatforms) = preSolution
		Debug|Any CPU = Debug|Any CPU
		Release|Any CPU = Release|Any CPU
	EndGlobalSection
	GlobalSection(ProjectConfigurationPlatforms) = postSolution
		{2C124754-F8D3-4FA8-A382-A4E876FCD643}.Debug|Any CPU.ActiveCfg = Debug|Any CPU
		{2C124754-F8D3-4FA8-A382-A4E876FCD643}.Debug|Any CPU.Build.0 = Debug|Any CPU
		{2C124754-F8D3-4FA8-A382-A4E876FCD643}.Release|Any CPU.ActiveCfg = Release|Any CPU
		{2C124754-F8D3-4FA8-A382-A4E876FCD643}.Release|Any CPU.Build.0 = Release|Any CPU
		{D6574379-9821-413C-B585-749DAE5F3809}.Debug|Any CPU.ActiveCfg = Debug|Any CPU
		{D6574379-9821-413C-B585-749DAE5F3809}.Debug|Any CPU.Build.0 = Debug|Any CPU
		{D6574379-9821-413C-B585-749DAE5F3809}.Release|Any CPU.ActiveCfg = Release|Any CPU
		{D6574379-9821-413C-B585-749DAE5F3809}.Release|Any CPU.Build.0 = Release|Any CPU
		{CEC02AE8-8E2D-47C2-8125-B9C3A579C26A}.Debug|Any CPU.ActiveCfg = Debug|Any CPU
		{CEC02AE8-8E2D-47C2-8125-B9C3A579C26A}.Debug|Any CPU.Build.0 = Debug|Any CPU
		{CEC02AE8-8E2D-47C2-8125-B9C3A579C26A}.Release|Any CPU.ActiveCfg = Release|Any CPU
		{CEC02AE8-8E2D-47C2-8125-B9C3A579C26A}.Release|Any CPU.Build.0 = Release|Any CPU
	EndGlobalSection
	GlobalSection(SolutionProperties) = preSolution
		HideSolutionNode = FALSE
	EndGlobalSection
	GlobalSection(ExtensibilityGlobals) = postSolution
		SolutionGuid = {D7E81A39-83B8-4931-AAA1-9DDD14FE01C0}
	EndGlobalSection
EndGlobal
